
Microsoft Visual Studio Solution File, Format Version 12.00
# Visual Studio 15
VisualStudioVersion = 15.0.27428.2043
MinimumVisualStudioVersion = 10.0.40219.1
Project("{FAE04EC0-301F-11D3-BF4B-00C04F79EFBC}") = "DemoIoTHub.Android", "DemoIoTHub\DemoIoTHub.Android\DemoIoTHub.Android.csproj", "{BB18BDD5-D93D-48F6-A77C-8B595CC10CD1}"
EndProject
Project("{FAE04EC0-301F-11D3-BF4B-00C04F79EFBC}") = "DemoIoTHub.iOS", "DemoIoTHub\DemoIoTHub.iOS\DemoIoTHub.iOS.csproj", "{AA86B489-9293-4D31-A674-166A9CAE07E5}"
EndProject
Project("{FAE04EC0-301F-11D3-BF4B-00C04F79EFBC}") = "DemoIoTHub.UWP", "DemoIoTHub\DemoIoTHub.UWP\DemoIoTHub.UWP.csproj", "{92C6E7D7-EF89-4C7E-9890-3B0B59ABC0CF}"
EndProject
Project("{FAE04EC0-301F-11D3-BF4B-00C04F79EFBC}") = "DemoIoTHub", "DemoIoTHub\DemoIoTHub\DemoIoTHub.csproj", "{5A253CEF-8BE4-4B87-B3D1-517584340EF0}"
EndProject
Global
	GlobalSection(SolutionConfigurationPlatforms) = preSolution
		Ad-Hoc|Any CPU = Ad-Hoc|Any CPU
		Ad-Hoc|ARM = Ad-Hoc|ARM
		Ad-Hoc|iPhone = Ad-Hoc|iPhone
		Ad-Hoc|iPhoneSimulator = Ad-Hoc|iPhoneSimulator
		Ad-Hoc|x64 = Ad-Hoc|x64
		Ad-Hoc|x86 = Ad-Hoc|x86
		AppStore|Any CPU = AppStore|Any CPU
		AppStore|ARM = AppStore|ARM
		AppStore|iPhone = AppStore|iPhone
		AppStore|iPhoneSimulator = AppStore|iPhoneSimulator
		AppStore|x64 = AppStore|x64
		AppStore|x86 = AppStore|x86
		Debug|Any CPU = Debug|Any CPU
		Debug|ARM = Debug|ARM
		Debug|iPhone = Debug|iPhone
		Debug|iPhoneSimulator = Debug|iPhoneSimulator
		Debug|x64 = Debug|x64
		Debug|x86 = Debug|x86
		Release|Any CPU = Release|Any CPU
		Release|ARM = Release|ARM
		Release|iPhone = Release|iPhone
		Release|iPhoneSimulator = Release|iPhoneSimulator
		Release|x64 = Release|x64
		Release|x86 = Release|x86
	EndGlobalSection
	GlobalSection(ProjectConfigurationPlatforms) = postSolution
		{BB18BDD5-D93D-48F6-A77C-8B595CC10CD1}.Ad-Hoc|Any CPU.ActiveCfg = Release|Any CPU
		{BB18BDD5-D93D-48F6-A77C-8B595CC10CD1}.Ad-Hoc|Any CPU.Build.0 = Release|Any CPU
		{BB18BDD5-D93D-48F6-A77C-8B595CC10CD1}.Ad-Hoc|Any CPU.Deploy.0 = Release|Any CPU
		{BB18BDD5-D93D-48F6-A77C-8B595CC10CD1}.Ad-Hoc|ARM.ActiveCfg = Release|Any CPU
		{BB18BDD5-D93D-48F6-A77C-8B595CC10CD1}.Ad-Hoc|ARM.Build.0 = Release|Any CPU
		{BB18BDD5-D93D-48F6-A77C-8B595CC10CD1}.Ad-Hoc|ARM.Deploy.0 = Release|Any CPU
		{BB18BDD5-D93D-48F6-A77C-8B595CC10CD1}.Ad-Hoc|iPhone.ActiveCfg = Release|Any CPU
		{BB18BDD5-D93D-48F6-A77C-8B595CC10CD1}.Ad-Hoc|iPhone.Build.0 = Release|Any CPU
		{BB18BDD5-D93D-48F6-A77C-8B595CC10CD1}.Ad-Hoc|iPhone.Deploy.0 = Release|Any CPU
		{BB18BDD5-D93D-48F6-A77C-8B595CC10CD1}.Ad-Hoc|iPhoneSimulator.ActiveCfg = Release|Any CPU
		{BB18BDD5-D93D-48F6-A77C-8B595CC10CD1}.Ad-Hoc|iPhoneSimulator.Build.0 = Release|Any CPU
		{BB18BDD5-D93D-48F6-A77C-8B595CC10CD1}.Ad-Hoc|iPhoneSimulator.Deploy.0 = Release|Any CPU
		{BB18BDD5-D93D-48F6-A77C-8B595CC10CD1}.Ad-Hoc|x64.ActiveCfg = Release|Any CPU
		{BB18BDD5-D93D-48F6-A77C-8B595CC10CD1}.Ad-Hoc|x64.Build.0 = Release|Any CPU
		{BB18BDD5-D93D-48F6-A77C-8B595CC10CD1}.Ad-Hoc|x64.Deploy.0 = Release|Any CPU
		{BB18BDD5-D93D-48F6-A77C-8B595CC10CD1}.Ad-Hoc|x86.ActiveCfg = Release|Any CPU
		{BB18BDD5-D93D-48F6-A77C-8B595CC10CD1}.Ad-Hoc|x86.Build.0 = Release|Any CPU
		{BB18BDD5-D93D-48F6-A77C-8B595CC10CD1}.Ad-Hoc|x86.Deploy.0 = Release|Any CPU
		{BB18BDD5-D93D-48F6-A77C-8B595CC10CD1}.AppStore|Any CPU.ActiveCfg = Release|Any CPU
		{BB18BDD5-D93D-48F6-A77C-8B595CC10CD1}.AppStore|Any CPU.Build.0 = Release|Any CPU
		{BB18BDD5-D93D-48F6-A77C-8B595CC10CD1}.AppStore|Any CPU.Deploy.0 = Release|Any CPU
		{BB18BDD5-D93D-48F6-A77C-8B595CC10CD1}.AppStore|ARM.ActiveCfg = Release|Any CPU
		{BB18BDD5-D93D-48F6-A77C-8B595CC10CD1}.AppStore|ARM.Build.0 = Release|Any CPU
		{BB18BDD5-D93D-48F6-A77C-8B595CC10CD1}.AppStore|ARM.Deploy.0 = Release|Any CPU
		{BB18BDD5-D93D-48F6-A77C-8B595CC10CD1}.AppStore|iPhone.ActiveCfg = Release|Any CPU
		{BB18BDD5-D93D-48F6-A77C-8B595CC10CD1}.AppStore|iPhone.Build.0 = Release|Any CPU
		{BB18BDD5-D93D-48F6-A77C-8B595CC10CD1}.AppStore|iPhone.Deploy.0 = Release|Any CPU
		{BB18BDD5-D93D-48F6-A77C-8B595CC10CD1}.AppStore|iPhoneSimulator.ActiveCfg = Release|Any CPU
		{BB18BDD5-D93D-48F6-A77C-8B595CC10CD1}.AppStore|iPhoneSimulator.Build.0 = Release|Any CPU
		{BB18BDD5-D93D-48F6-A77C-8B595CC10CD1}.AppStore|iPhoneSimulator.Deploy.0 = Release|Any CPU
		{BB18BDD5-D93D-48F6-A77C-8B595CC10CD1}.AppStore|x64.ActiveCfg = Release|Any CPU
		{BB18BDD5-D93D-48F6-A77C-8B595CC10CD1}.AppStore|x64.Build.0 = Release|Any CPU
		{BB18BDD5-D93D-48F6-A77C-8B595CC10CD1}.AppStore|x64.Deploy.0 = Release|Any CPU
		{BB18BDD5-D93D-48F6-A77C-8B595CC10CD1}.AppStore|x86.ActiveCfg = Release|Any CPU
		{BB18BDD5-D93D-48F6-A77C-8B595CC10CD1}.AppStore|x86.Build.0 = Release|Any CPU
		{BB18BDD5-D93D-48F6-A77C-8B595CC10CD1}.AppStore|x86.Deploy.0 = Release|Any CPU
		{BB18BDD5-D93D-48F6-A77C-8B595CC10CD1}.Debug|Any CPU.ActiveCfg = Debug|Any CPU
		{BB18BDD5-D93D-48F6-A77C-8B595CC10CD1}.Debug|Any CPU.Build.0 = Debug|Any CPU
		{BB18BDD5-D93D-48F6-A77C-8B595CC10CD1}.Debug|Any CPU.Deploy.0 = Debug|Any CPU
		{BB18BDD5-D93D-48F6-A77C-8B595CC10CD1}.Debug|ARM.ActiveCfg = Debug|Any CPU
		{BB18BDD5-D93D-48F6-A77C-8B595CC10CD1}.Debug|ARM.Build.0 = Debug|Any CPU
		{BB18BDD5-D93D-48F6-A77C-8B595CC10CD1}.Debug|ARM.Deploy.0 = Debug|Any CPU
		{BB18BDD5-D93D-48F6-A77C-8B595CC10CD1}.Debug|iPhone.ActiveCfg = Debug|Any CPU
		{BB18BDD5-D93D-48F6-A77C-8B595CC10CD1}.Debug|iPhone.Build.0 = Debug|Any CPU
		{BB18BDD5-D93D-48F6-A77C-8B595CC10CD1}.Debug|iPhone.Deploy.0 = Debug|Any CPU
		{BB18BDD5-D93D-48F6-A77C-8B595CC10CD1}.Debug|iPhoneSimulator.ActiveCfg = Debug|Any CPU
		{BB18BDD5-D93D-48F6-A77C-8B595CC10CD1}.Debug|iPhoneSimulator.Build.0 = Debug|Any CPU
		{BB18BDD5-D93D-48F6-A77C-8B595CC10CD1}.Debug|iPhoneSimulator.Deploy.0 = Debug|Any CPU
		{BB18BDD5-D93D-48F6-A77C-8B595CC10CD1}.Debug|x64.ActiveCfg = Debug|Any CPU
		{BB18BDD5-D93D-48F6-A77C-8B595CC10CD1}.Debug|x64.Build.0 = Debug|Any CPU
		{BB18BDD5-D93D-48F6-A77C-8B595CC10CD1}.Debug|x64.Deploy.0 = Debug|Any CPU
		{BB18BDD5-D93D-48F6-A77C-8B595CC10CD1}.Debug|x86.ActiveCfg = Debug|Any CPU
		{BB18BDD5-D93D-48F6-A77C-8B595CC10CD1}.Debug|x86.Build.0 = Debug|Any CPU
		{BB18BDD5-D93D-48F6-A77C-8B595CC10CD1}.Debug|x86.Deploy.0 = Debug|Any CPU
		{BB18BDD5-D93D-48F6-A77C-8B595CC10CD1}.Release|Any CPU.ActiveCfg = Release|Any CPU
		{BB18BDD5-D93D-48F6-A77C-8B595CC10CD1}.Release|Any CPU.Build.0 = Release|Any CPU
		{BB18BDD5-D93D-48F6-A77C-8B595CC10CD1}.Release|Any CPU.Deploy.0 = Release|Any CPU
		{BB18BDD5-D93D-48F6-A77C-8B595CC10CD1}.Release|ARM.ActiveCfg = Release|Any CPU
		{BB18BDD5-D93D-48F6-A77C-8B595CC10CD1}.Release|ARM.Build.0 = Release|Any CPU
		{BB18BDD5-D93D-48F6-A77C-8B595CC10CD1}.Release|ARM.Deploy.0 = Release|Any CPU
		{BB18BDD5-D93D-48F6-A77C-8B595CC10CD1}.Release|iPhone.ActiveCfg = Release|Any CPU
		{BB18BDD5-D93D-48F6-A77C-8B595CC10CD1}.Release|iPhone.Build.0 = Release|Any CPU
		{BB18BDD5-D93D-48F6-A77C-8B595CC10CD1}.Release|iPhone.Deploy.0 = Release|Any CPU
		{BB18BDD5-D93D-48F6-A77C-8B595CC10CD1}.Release|iPhoneSimulator.ActiveCfg = Release|Any CPU
		{BB18BDD5-D93D-48F6-A77C-8B595CC10CD1}.Release|iPhoneSimulator.Build.0 = Release|Any CPU
		{BB18BDD5-D93D-48F6-A77C-8B595CC10CD1}.Release|iPhoneSimulator.Deploy.0 = Release|Any CPU
		{BB18BDD5-D93D-48F6-A77C-8B595CC10CD1}.Release|x64.ActiveCfg = Release|Any CPU
		{BB18BDD5-D93D-48F6-A77C-8B595CC10CD1}.Release|x64.Build.0 = Release|Any CPU
		{BB18BDD5-D93D-48F6-A77C-8B595CC10CD1}.Release|x64.Deploy.0 = Release|Any CPU
		{BB18BDD5-D93D-48F6-A77C-8B595CC10CD1}.Release|x86.ActiveCfg = Release|Any CPU
		{BB18BDD5-D93D-48F6-A77C-8B595CC10CD1}.Release|x86.Build.0 = Release|Any CPU
		{BB18BDD5-D93D-48F6-A77C-8B595CC10CD1}.Release|x86.Deploy.0 = Release|Any CPU
		{AA86B489-9293-4D31-A674-166A9CAE07E5}.Ad-Hoc|Any CPU.ActiveCfg = Ad-Hoc|iPhone
		{AA86B489-9293-4D31-A674-166A9CAE07E5}.Ad-Hoc|ARM.ActiveCfg = Ad-Hoc|iPhone
		{AA86B489-9293-4D31-A674-166A9CAE07E5}.Ad-Hoc|iPhone.ActiveCfg = Ad-Hoc|iPhone
		{AA86B489-9293-4D31-A674-166A9CAE07E5}.Ad-Hoc|iPhone.Build.0 = Ad-Hoc|iPhone
		{AA86B489-9293-4D31-A674-166A9CAE07E5}.Ad-Hoc|iPhoneSimulator.ActiveCfg = Ad-Hoc|iPhoneSimulator
		{AA86B489-9293-4D31-A674-166A9CAE07E5}.Ad-Hoc|iPhoneSimulator.Build.0 = Ad-Hoc|iPhoneSimulator
		{AA86B489-9293-4D31-A674-166A9CAE07E5}.Ad-Hoc|x64.ActiveCfg = Ad-Hoc|iPhone
		{AA86B489-9293-4D31-A674-166A9CAE07E5}.Ad-Hoc|x86.ActiveCfg = Ad-Hoc|iPhone
		{AA86B489-9293-4D31-A674-166A9CAE07E5}.AppStore|Any CPU.ActiveCfg = AppStore|iPhone
		{AA86B489-9293-4D31-A674-166A9CAE07E5}.AppStore|ARM.ActiveCfg = AppStore|iPhone
		{AA86B489-9293-4D31-A674-166A9CAE07E5}.AppStore|iPhone.ActiveCfg = AppStore|iPhone
		{AA86B489-9293-4D31-A674-166A9CAE07E5}.AppStore|iPhone.Build.0 = AppStore|iPhone
		{AA86B489-9293-4D31-A674-166A9CAE07E5}.AppStore|iPhoneSimulator.ActiveCfg = AppStore|iPhoneSimulator
		{AA86B489-9293-4D31-A674-166A9CAE07E5}.AppStore|iPhoneSimulator.Build.0 = AppStore|iPhoneSimulator
		{AA86B489-9293-4D31-A674-166A9CAE07E5}.AppStore|x64.ActiveCfg = AppStore|iPhone
		{AA86B489-9293-4D31-A674-166A9CAE07E5}.AppStore|x86.ActiveCfg = AppStore|iPhone
		{AA86B489-9293-4D31-A674-166A9CAE07E5}.Debug|Any CPU.ActiveCfg = Debug|iPhone
		{AA86B489-9293-4D31-A674-166A9CAE07E5}.Debug|ARM.ActiveCfg = Debug|iPhone
		{AA86B489-9293-4D31-A674-166A9CAE07E5}.Debug|iPhone.ActiveCfg = Debug|iPhone
		{AA86B489-9293-4D31-A674-166A9CAE07E5}.Debug|iPhone.Build.0 = Debug|iPhone
		{AA86B489-9293-4D31-A674-166A9CAE07E5}.Debug|iPhoneSimulator.ActiveCfg = Debug|iPhoneSimulator
		{AA86B489-9293-4D31-A674-166A9CAE07E5}.Debug|iPhoneSimulator.Build.0 = Debug|iPhoneSimulator
		{AA86B489-9293-4D31-A674-166A9CAE07E5}.Debug|x64.ActiveCfg = Debug|iPhone
		{AA86B489-9293-4D31-A674-166A9CAE07E5}.Debug|x86.ActiveCfg = Debug|iPhone
		{AA86B489-9293-4D31-A674-166A9CAE07E5}.Release|Any CPU.ActiveCfg = Release|iPhone
		{AA86B489-9293-4D31-A674-166A9CAE07E5}.Release|ARM.ActiveCfg = Release|iPhone
		{AA86B489-9293-4D31-A674-166A9CAE07E5}.Release|iPhone.ActiveCfg = Release|iPhone
		{AA86B489-9293-4D31-A674-166A9CAE07E5}.Release|iPhone.Build.0 = Release|iPhone
		{AA86B489-9293-4D31-A674-166A9CAE07E5}.Release|iPhoneSimulator.ActiveCfg = Release|iPhoneSimulator
		{AA86B489-9293-4D31-A674-166A9CAE07E5}.Release|iPhoneSimulator.Build.0 = Release|iPhoneSimulator
		{AA86B489-9293-4D31-A674-166A9CAE07E5}.Release|x64.ActiveCfg = Release|iPhone
		{AA86B489-9293-4D31-A674-166A9CAE07E5}.Release|x86.ActiveCfg = Release|iPhone
		{92C6E7D7-EF89-4C7E-9890-3B0B59ABC0CF}.Ad-Hoc|Any CPU.ActiveCfg = Release|x86
		{92C6E7D7-EF89-4C7E-9890-3B0B59ABC0CF}.Ad-Hoc|Any CPU.Build.0 = Release|x86
		{92C6E7D7-EF89-4C7E-9890-3B0B59ABC0CF}.Ad-Hoc|Any CPU.Deploy.0 = Release|x86
		{92C6E7D7-EF89-4C7E-9890-3B0B59ABC0CF}.Ad-Hoc|ARM.ActiveCfg = Release|ARM
		{92C6E7D7-EF89-4C7E-9890-3B0B59ABC0CF}.Ad-Hoc|ARM.Build.0 = Release|ARM
		{92C6E7D7-EF89-4C7E-9890-3B0B59ABC0CF}.Ad-Hoc|ARM.Deploy.0 = Release|ARM
		{92C6E7D7-EF89-4C7E-9890-3B0B59ABC0CF}.Ad-Hoc|iPhone.ActiveCfg = Release|x86
		{92C6E7D7-EF89-4C7E-9890-3B0B59ABC0CF}.Ad-Hoc|iPhone.Build.0 = Release|x86
		{92C6E7D7-EF89-4C7E-9890-3B0B59ABC0CF}.Ad-Hoc|iPhone.Deploy.0 = Release|x86
		{92C6E7D7-EF89-4C7E-9890-3B0B59ABC0CF}.Ad-Hoc|iPhoneSimulator.ActiveCfg = Release|x86
		{92C6E7D7-EF89-4C7E-9890-3B0B59ABC0CF}.Ad-Hoc|iPhoneSimulator.Build.0 = Release|x86
		{92C6E7D7-EF89-4C7E-9890-3B0B59ABC0CF}.Ad-Hoc|iPhoneSimulator.Deploy.0 = Release|x86
		{92C6E7D7-EF89-4C7E-9890-3B0B59ABC0CF}.Ad-Hoc|x64.ActiveCfg = Release|x64
		{92C6E7D7-EF89-4C7E-9890-3B0B59ABC0CF}.Ad-Hoc|x64.Build.0 = Release|x64
		{92C6E7D7-EF89-4C7E-9890-3B0B59ABC0CF}.Ad-Hoc|x64.Deploy.0 = Release|x64
		{92C6E7D7-EF89-4C7E-9890-3B0B59ABC0CF}.Ad-Hoc|x86.ActiveCfg = Release|x86
		{92C6E7D7-EF89-4C7E-9890-3B0B59ABC0CF}.Ad-Hoc|x86.Build.0 = Release|x86
		{92C6E7D7-EF89-4C7E-9890-3B0B59ABC0CF}.Ad-Hoc|x86.Deploy.0 = Release|x86
		{92C6E7D7-EF89-4C7E-9890-3B0B59ABC0CF}.AppStore|Any CPU.ActiveCfg = Release|x86
		{92C6E7D7-EF89-4C7E-9890-3B0B59ABC0CF}.AppStore|Any CPU.Build.0 = Release|x86
		{92C6E7D7-EF89-4C7E-9890-3B0B59ABC0CF}.AppStore|Any CPU.Deploy.0 = Release|x86
		{92C6E7D7-EF89-4C7E-9890-3B0B59ABC0CF}.AppStore|ARM.ActiveCfg = Release|ARM
		{92C6E7D7-EF89-4C7E-9890-3B0B59ABC0CF}.AppStore|ARM.Build.0 = Release|ARM
		{92C6E7D7-EF89-4C7E-9890-3B0B59ABC0CF}.AppStore|ARM.Deploy.0 = Release|ARM
		{92C6E7D7-EF89-4C7E-9890-3B0B59ABC0CF}.AppStore|iPhone.ActiveCfg = Release|x86
		{92C6E7D7-EF89-4C7E-9890-3B0B59ABC0CF}.AppStore|iPhone.Build.0 = Release|x86
		{92C6E7D7-EF89-4C7E-9890-3B0B59ABC0CF}.AppStore|iPhone.Deploy.0 = Release|x86
		{92C6E7D7-EF89-4C7E-9890-3B0B59ABC0CF}.AppStore|iPhoneSimulator.ActiveCfg = Release|x86
		{92C6E7D7-EF89-4C7E-9890-3B0B59ABC0CF}.AppStore|iPhoneSimulator.Build.0 = Release|x86
		{92C6E7D7-EF89-4C7E-9890-3B0B59ABC0CF}.AppStore|iPhoneSimulator.Deploy.0 = Release|x86
		{92C6E7D7-EF89-4C7E-9890-3B0B59ABC0CF}.AppStore|x64.ActiveCfg = Release|x64
		{92C6E7D7-EF89-4C7E-9890-3B0B59ABC0CF}.AppStore|x64.Build.0 = Release|x64
		{92C6E7D7-EF89-4C7E-9890-3B0B59ABC0CF}.AppStore|x64.Deploy.0 = Release|x64
		{92C6E7D7-EF89-4C7E-9890-3B0B59ABC0CF}.AppStore|x86.ActiveCfg = Release|x86
		{92C6E7D7-EF89-4C7E-9890-3B0B59ABC0CF}.AppStore|x86.Build.0 = Release|x86
		{92C6E7D7-EF89-4C7E-9890-3B0B59ABC0CF}.AppStore|x86.Deploy.0 = Release|x86
		{92C6E7D7-EF89-4C7E-9890-3B0B59ABC0CF}.Debug|Any CPU.ActiveCfg = Debug|x86
		{92C6E7D7-EF89-4C7E-9890-3B0B59ABC0CF}.Debug|ARM.ActiveCfg = Debug|ARM
		{92C6E7D7-EF89-4C7E-9890-3B0B59ABC0CF}.Debug|ARM.Build.0 = Debug|ARM
		{92C6E7D7-EF89-4C7E-9890-3B0B59ABC0CF}.Debug|ARM.Deploy.0 = Debug|ARM
		{92C6E7D7-EF89-4C7E-9890-3B0B59ABC0CF}.Debug|iPhone.ActiveCfg = Debug|x86
		{92C6E7D7-EF89-4C7E-9890-3B0B59ABC0CF}.Debug|iPhoneSimulator.ActiveCfg = Debug|x86
		{92C6E7D7-EF89-4C7E-9890-3B0B59ABC0CF}.Debug|x64.ActiveCfg = Debug|x64
		{92C6E7D7-EF89-4C7E-9890-3B0B59ABC0CF}.Debug|x64.Build.0 = Debug|x64
		{92C6E7D7-EF89-4C7E-9890-3B0B59ABC0CF}.Debug|x64.Deploy.0 = Debug|x64
		{92C6E7D7-EF89-4C7E-9890-3B0B59ABC0CF}.Debug|x86.ActiveCfg = Debug|x86
		{92C6E7D7-EF89-4C7E-9890-3B0B59ABC0CF}.Debug|x86.Build.0 = Debug|x86
		{92C6E7D7-EF89-4C7E-9890-3B0B59ABC0CF}.Debug|x86.Deploy.0 = Debug|x86
		{92C6E7D7-EF89-4C7E-9890-3B0B59ABC0CF}.Release|Any CPU.ActiveCfg = Release|x86
		{92C6E7D7-EF89-4C7E-9890-3B0B59ABC0CF}.Release|ARM.ActiveCfg = Release|ARM
		{92C6E7D7-EF89-4C7E-9890-3B0B59ABC0CF}.Release|ARM.Build.0 = Release|ARM
		{92C6E7D7-EF89-4C7E-9890-3B0B59ABC0CF}.Release|ARM.Deploy.0 = Release|ARM
		{92C6E7D7-EF89-4C7E-9890-3B0B59ABC0CF}.Release|iPhone.ActiveCfg = Release|x86
		{92C6E7D7-EF89-4C7E-9890-3B0B59ABC0CF}.Release|iPhoneSimulator.ActiveCfg = Release|x86
		{92C6E7D7-EF89-4C7E-9890-3B0B59ABC0CF}.Release|x64.ActiveCfg = Release|x64
		{92C6E7D7-EF89-4C7E-9890-3B0B59ABC0CF}.Release|x64.Build.0 = Release|x64
		{92C6E7D7-EF89-4C7E-9890-3B0B59ABC0CF}.Release|x64.Deploy.0 = Release|x64
		{92C6E7D7-EF89-4C7E-9890-3B0B59ABC0CF}.Release|x86.ActiveCfg = Release|x86
		{92C6E7D7-EF89-4C7E-9890-3B0B59ABC0CF}.Release|x86.Build.0 = Release|x86
		{92C6E7D7-EF89-4C7E-9890-3B0B59ABC0CF}.Release|x86.Deploy.0 = Release|x86
		{5A253CEF-8BE4-4B87-B3D1-517584340EF0}.Ad-Hoc|Any CPU.ActiveCfg = Debug|Any CPU
		{5A253CEF-8BE4-4B87-B3D1-517584340EF0}.Ad-Hoc|Any CPU.Build.0 = Debug|Any CPU
		{5A253CEF-8BE4-4B87-B3D1-517584340EF0}.Ad-Hoc|ARM.ActiveCfg = Debug|Any CPU
		{5A253CEF-8BE4-4B87-B3D1-517584340EF0}.Ad-Hoc|ARM.Build.0 = Debug|Any CPU
		{5A253CEF-8BE4-4B87-B3D1-517584340EF0}.Ad-Hoc|iPhone.ActiveCfg = Debug|Any CPU
		{5A253CEF-8BE4-4B87-B3D1-517584340EF0}.Ad-Hoc|iPhone.Build.0 = Debug|Any CPU
		{5A253CEF-8BE4-4B87-B3D1-517584340EF0}.Ad-Hoc|iPhoneSimulator.ActiveCfg = Debug|Any CPU
		{5A253CEF-8BE4-4B87-B3D1-517584340EF0}.Ad-Hoc|iPhoneSimulator.Build.0 = Debug|Any CPU
		{5A253CEF-8BE4-4B87-B3D1-517584340EF0}.Ad-Hoc|x64.ActiveCfg = Debug|Any CPU
		{5A253CEF-8BE4-4B87-B3D1-517584340EF0}.Ad-Hoc|x64.Build.0 = Debug|Any CPU
		{5A253CEF-8BE4-4B87-B3D1-517584340EF0}.Ad-Hoc|x86.ActiveCfg = Debug|Any CPU
		{5A253CEF-8BE4-4B87-B3D1-517584340EF0}.Ad-Hoc|x86.Build.0 = Debug|Any CPU
		{5A253CEF-8BE4-4B87-B3D1-517584340EF0}.AppStore|Any CPU.ActiveCfg = Debug|Any CPU
		{5A253CEF-8BE4-4B87-B3D1-517584340EF0}.AppStore|Any CPU.Build.0 = Debug|Any CPU
		{5A253CEF-8BE4-4B87-B3D1-517584340EF0}.AppStore|ARM.ActiveCfg = Debug|Any CPU
		{5A253CEF-8BE4-4B87-B3D1-517584340EF0}.AppStore|ARM.Build.0 = Debug|Any CPU
		{5A253CEF-8BE4-4B87-B3D1-517584340EF0}.AppStore|iPhone.ActiveCfg = Debug|Any CPU
		{5A253CEF-8BE4-4B87-B3D1-517584340EF0}.AppStore|iPhone.Build.0 = Debug|Any CPU
		{5A253CEF-8BE4-4B87-B3D1-517584340EF0}.AppStore|iPhoneSimulator.ActiveCfg = Debug|Any CPU
		{5A253CEF-8BE4-4B87-B3D1-517584340EF0}.AppStore|iPhoneSimulator.Build.0 = Debug|Any CPU
		{5A253CEF-8BE4-4B87-B3D1-517584340EF0}.AppStore|x64.ActiveCfg = Debug|Any CPU
		{5A253CEF-8BE4-4B87-B3D1-517584340EF0}.AppStore|x64.Build.0 = Debug|Any CPU
		{5A253CEF-8BE4-4B87-B3D1-517584340EF0}.AppStore|x86.ActiveCfg = Debug|Any CPU
		{5A253CEF-8BE4-4B87-B3D1-517584340EF0}.AppStore|x86.Build.0 = Debug|Any CPU
		{5A253CEF-8BE4-4B87-B3D1-517584340EF0}.Debug|Any CPU.ActiveCfg = Debug|Any CPU
		{5A253CEF-8BE4-4B87-B3D1-517584340EF0}.Debug|Any CPU.Build.0 = Debug|Any CPU
		{5A253CEF-8BE4-4B87-B3D1-517584340EF0}.Debug|ARM.ActiveCfg = Debug|Any CPU
		{5A253CEF-8BE4-4B87-B3D1-517584340EF0}.Debug|ARM.Build.0 = Debug|Any CPU
		{5A253CEF-8BE4-4B87-B3D1-517584340EF0}.Debug|iPhone.ActiveCfg = Debug|Any CPU
		{5A253CEF-8BE4-4B87-B3D1-517584340EF0}.Debug|iPhone.Build.0 = Debug|Any CPU
		{5A253CEF-8BE4-4B87-B3D1-517584340EF0}.Debug|iPhoneSimulator.ActiveCfg = Debug|Any CPU
		{5A253CEF-8BE4-4B87-B3D1-517584340EF0}.Debug|iPhoneSimulator.Build.0 = Debug|Any CPU
		{5A253CEF-8BE4-4B87-B3D1-517584340EF0}.Debug|x64.ActiveCfg = Debug|Any CPU
		{5A253CEF-8BE4-4B87-B3D1-517584340EF0}.Debug|x64.Build.0 = Debug|Any CPU
		{5A253CEF-8BE4-4B87-B3D1-517584340EF0}.Debug|x86.ActiveCfg = Debug|Any CPU
		{5A253CEF-8BE4-4B87-B3D1-517584340EF0}.Debug|x86.Build.0 = Debug|Any CPU
		{5A253CEF-8BE4-4B87-B3D1-517584340EF0}.Release|Any CPU.ActiveCfg = Release|Any CPU
		{5A253CEF-8BE4-4B87-B3D1-517584340EF0}.Release|Any CPU.Build.0 = Release|Any CPU
		{5A253CEF-8BE4-4B87-B3D1-517584340EF0}.Release|ARM.ActiveCfg = Release|Any CPU
		{5A253CEF-8BE4-4B87-B3D1-517584340EF0}.Release|ARM.Build.0 = Release|Any CPU
		{5A253CEF-8BE4-4B87-B3D1-517584340EF0}.Release|iPhone.ActiveCfg = Release|Any CPU
		{5A253CEF-8BE4-4B87-B3D1-517584340EF0}.Release|iPhone.Build.0 = Release|Any CPU
		{5A253CEF-8BE4-4B87-B3D1-517584340EF0}.Release|iPhoneSimulator.ActiveCfg = Release|Any CPU
		{5A253CEF-8BE4-4B87-B3D1-517584340EF0}.Release|iPhoneSimulator.Build.0 = Release|Any CPU
		{5A253CEF-8BE4-4B87-B3D1-517584340EF0}.Release|x64.ActiveCfg = Release|Any CPU
		{5A253CEF-8BE4-4B87-B3D1-517584340EF0}.Release|x64.Build.0 = Release|Any CPU
		{5A253CEF-8BE4-4B87-B3D1-517584340EF0}.Release|x86.ActiveCfg = Release|Any CPU
		{5A253CEF-8BE4-4B87-B3D1-517584340EF0}.Release|x86.Build.0 = Release|Any CPU
	EndGlobalSection
	GlobalSection(SolutionProperties) = preSolution
		HideSolutionNode = FALSE
	EndGlobalSection
	GlobalSection(ExtensibilityGlobals) = postSolution
		SolutionGuid = {A4261706-A597-403A-A2EA-4A803448EF4F}
	EndGlobalSection
EndGlobal
